
Microsoft Visual Studio Solution File, Format Version 12.00
# Visual Studio Version 17
VisualStudioVersion = 17.11.35312.102
MinimumVisualStudioVersion = 10.0.40219.1
Project("{FAE04EC0-301F-11D3-BF4B-00C04F79EFBC}") = "ödev4", "ödev4\ödev4.csproj", "{2F8C4F73-3EF6-454C-AFC4-9E0B3196316A}"
EndProject
Global
	GlobalSection(SolutionConfigurationPlatforms) = preSolution
		Debug|Any CPU = Debug|Any CPU
		Release|Any CPU = Release|Any CPU
	EndGlobalSection
	GlobalSection(ProjectConfigurationPlatforms) = postSolution
		{2F8C4F73-3EF6-454C-AFC4-9E0B3196316A}.Debug|Any CPU.ActiveCfg = Debug|Any CPU
		{2F8C4F73-3EF6-454C-AFC4-9E0B3196316A}.Debug|Any CPU.Build.0 = Debug|Any CPU
		{2F8C4F73-3EF6-454C-AFC4-9E0B3196316A}.Release|Any CPU.ActiveCfg = Release|Any CPU
		{2F8C4F73-3EF6-454C-AFC4-9E0B3196316A}.Release|Any CPU.Build.0 = Release|Any CPU
	EndGlobalSection
	GlobalSection(SolutionProperties) = preSolution
		HideSolutionNode = FALSE
	EndGlobalSection
	GlobalSection(ExtensibilityGlobals) = postSolution
		SolutionGuid = {290394C4-ED99-414F-B0A2-A0922022D3D7}
	EndGlobalSection
EndGlobal
